
Microsoft Visual Studio Solution File, Format Version 12.00
# Visual Studio Version 16
VisualStudioVersion = 16.0.30128.74
MinimumVisualStudioVersion = 10.0.40219.1
Project("{FAE04EC0-301F-11D3-BF4B-00C04F79EFBC}") = "BlazorDemoAzure", "BlazorDemoAzure\BlazorDemoAzure.csproj", "{5686AF07-17C1-4CB2-A1EF-B1BB815514DD}"
EndProject
Global
	GlobalSection(SolutionConfigurationPlatforms) = preSolution
		Debug|Any CPU = Debug|Any CPU
		Release|Any CPU = Release|Any CPU
	EndGlobalSection
	GlobalSection(ProjectConfigurationPlatforms) = postSolution
		{5686AF07-17C1-4CB2-A1EF-B1BB815514DD}.Debug|Any CPU.ActiveCfg = Debug|Any CPU
		{5686AF07-17C1-4CB2-A1EF-B1BB815514DD}.Debug|Any CPU.Build.0 = Debug|Any CPU
		{5686AF07-17C1-4CB2-A1EF-B1BB815514DD}.Release|Any CPU.ActiveCfg = Release|Any CPU
		{5686AF07-17C1-4CB2-A1EF-B1BB815514DD}.Release|Any CPU.Build.0 = Release|Any CPU
	EndGlobalSection
	GlobalSection(SolutionProperties) = preSolution
		HideSolutionNode = FALSE
	EndGlobalSection
	GlobalSection(ExtensibilityGlobals) = postSolution
		SolutionGuid = {A4E35D24-2EE4-444B-AE94-DCFBEDE4ABD8}
	EndGlobalSection
EndGlobal
